// !$*UTF8*$!
{
	archiveVersion = 1;
	classes = {
	};
	objectVersion = 55;
	objects = {

/* Begin PBXBuildFile section */
		CA9097BC28FD49CD00169DEF /* AppDelegate.swift in Sources */ = {isa = PBXBuildFile; fileRef = CA9097BB28FD49CD00169DEF /* AppDelegate.swift */; };
		CA9097BE28FD49CD00169DEF /* SceneDelegate.swift in Sources */ = {isa = PBXBuildFile; fileRef = CA9097BD28FD49CD00169DEF /* SceneDelegate.swift */; };
		CA9097C328FD49CD00169DEF /* Main.storyboard in Resources */ = {isa = PBXBuildFile; fileRef = CA9097C128FD49CD00169DEF /* Main.storyboard */; };
		CA9097C528FD49CD00169DEF /* Assets.xcassets in Resources */ = {isa = PBXBuildFile; fileRef = CA9097C428FD49CD00169DEF /* Assets.xcassets */; };
		CA9097C828FD49CD00169DEF /* LaunchScreen.storyboard in Resources */ = {isa = PBXBuildFile; fileRef = CA9097C628FD49CD00169DEF /* LaunchScreen.storyboard */; };
		CA9097ED28FD4A0900169DEF /* ListViewModel.swift in Sources */ = {isa = PBXBuildFile; fileRef = CA9097EC28FD4A0900169DEF /* ListViewModel.swift */; };
		CA9097F028FD4A3400169DEF /* ListCollectionViewCell.swift in Sources */ = {isa = PBXBuildFile; fileRef = CA9097EF28FD4A3400169DEF /* ListCollectionViewCell.swift */; };
		CA9097F228FD4A6500169DEF /* ListViewController.swift in Sources */ = {isa = PBXBuildFile; fileRef = CA9097F128FD4A6500169DEF /* ListViewController.swift */; };
		CA9097F528FD4AA100169DEF /* ContentView.swift in Sources */ = {isa = PBXBuildFile; fileRef = CA9097F428FD4AA100169DEF /* ContentView.swift */; };
		CA90980F28FD4C4700169DEF /* DecisionModel.swift in Sources */ = {isa = PBXBuildFile; fileRef = CA90980E28FD4C4700169DEF /* DecisionModel.swift */; };
		CA90981128FD4CD100169DEF /* Extensions.swift in Sources */ = {isa = PBXBuildFile; fileRef = CA90981028FD4CD100169DEF /* Extensions.swift */; };
		CA90983028FD520F00169DEF /* ListTabPetTests.swift in Sources */ = {isa = PBXBuildFile; fileRef = CA90981828FD514400169DEF /* ListTabPetTests.swift */; };
		CA90983128FD52D100169DEF /* DecisionModel.swift in Sources */ = {isa = PBXBuildFile; fileRef = CA90980E28FD4C4700169DEF /* DecisionModel.swift */; };
		CA90983228FD52D900169DEF /* ListViewModel.swift in Sources */ = {isa = PBXBuildFile; fileRef = CA9097EC28FD4A0900169DEF /* ListViewModel.swift */; };
		CA90983628FDA9DF00169DEF /* ApiNumbersCaller.swift in Sources */ = {isa = PBXBuildFile; fileRef = CA90983528FDA9DF00169DEF /* ApiNumbersCaller.swift */; };
		CA90983828FDAC7300169DEF /* ListViewModelCombine.swift in Sources */ = {isa = PBXBuildFile; fileRef = CA90983728FDAC7300169DEF /* ListViewModelCombine.swift */; };
		CA90983A28FEC58500169DEF /* UsersListViewController.swift in Sources */ = {isa = PBXBuildFile; fileRef = CA90983928FEC58500169DEF /* UsersListViewController.swift */; };
		CA90983F28FEC6C900169DEF /* UserViewModelCombine.swift in Sources */ = {isa = PBXBuildFile; fileRef = CA90983E28FEC6C800169DEF /* UserViewModelCombine.swift */; };
		CA90984328FEED8400169DEF /* ElementModel.swift in Sources */ = {isa = PBXBuildFile; fileRef = CA90984228FEED8300169DEF /* ElementModel.swift */; };
		CA90984528FEEE4400169DEF /* UserModel.swift in Sources */ = {isa = PBXBuildFile; fileRef = CA90984428FEEE4400169DEF /* UserModel.swift */; };
		CA90984628FEF08100169DEF /* ElementModel.swift in Sources */ = {isa = PBXBuildFile; fileRef = CA90984228FEED8300169DEF /* ElementModel.swift */; };
/* End PBXBuildFile section */

/* Begin PBXContainerItemProxy section */
		CA90982B28FD520C00169DEF /* PBXContainerItemProxy */ = {
			isa = PBXContainerItemProxy;
			containerPortal = CA9097B028FD49CC00169DEF /* Project object */;
			proxyType = 1;
			remoteGlobalIDString = CA9097B728FD49CD00169DEF;
			remoteInfo = ListTabPet;
		};
/* End PBXContainerItemProxy section */

/* Begin PBXFileReference section */
		CA9097B828FD49CD00169DEF /* ListTabPet.app */ = {isa = PBXFileReference; explicitFileType = wrapper.application; includeInIndex = 0; path = ListTabPet.app; sourceTree = BUILT_PRODUCTS_DIR; };
		CA9097BB28FD49CD00169DEF /* AppDelegate.swift */ = {isa = PBXFileReference; lastKnownFileType = sourcecode.swift; path = AppDelegate.swift; sourceTree = "<group>"; };
		CA9097BD28FD49CD00169DEF /* SceneDelegate.swift */ = {isa = PBXFileReference; lastKnownFileType = sourcecode.swift; path = SceneDelegate.swift; sourceTree = "<group>"; };
		CA9097C228FD49CD00169DEF /* Base */ = {isa = PBXFileReference; lastKnownFileType = file.storyboard; name = Base; path = Base.lproj/Main.storyboard; sourceTree = "<group>"; };
		CA9097C428FD49CD00169DEF /* Assets.xcassets */ = {isa = PBXFileReference; lastKnownFileType = folder.assetcatalog; path = Assets.xcassets; sourceTree = "<group>"; };
		CA9097C728FD49CD00169DEF /* Base */ = {isa = PBXFileReference; lastKnownFileType = file.storyboard; name = Base; path = Base.lproj/LaunchScreen.storyboard; sourceTree = "<group>"; };
		CA9097C928FD49CD00169DEF /* Info.plist */ = {isa = PBXFileReference; lastKnownFileType = text.plist.xml; path = Info.plist; sourceTree = "<group>"; };
		CA9097EC28FD4A0900169DEF /* ListViewModel.swift */ = {isa = PBXFileReference; lastKnownFileType = sourcecode.swift; path = ListViewModel.swift; sourceTree = "<group>"; };
		CA9097EF28FD4A3400169DEF /* ListCollectionViewCell.swift */ = {isa = PBXFileReference; lastKnownFileType = sourcecode.swift; path = ListCollectionViewCell.swift; sourceTree = "<group>"; };
		CA9097F128FD4A6500169DEF /* ListViewController.swift */ = {isa = PBXFileReference; lastKnownFileType = sourcecode.swift; path = ListViewController.swift; sourceTree = "<group>"; };
		CA9097F428FD4AA100169DEF /* ContentView.swift */ = {isa = PBXFileReference; lastKnownFileType = sourcecode.swift; path = ContentView.swift; sourceTree = "<group>"; };
		CA90980E28FD4C4700169DEF /* DecisionModel.swift */ = {isa = PBXFileReference; lastKnownFileType = sourcecode.swift; path = DecisionModel.swift; sourceTree = "<group>"; };
		CA90981028FD4CD100169DEF /* Extensions.swift */ = {isa = PBXFileReference; lastKnownFileType = sourcecode.swift; path = Extensions.swift; sourceTree = "<group>"; };
		CA90981828FD514400169DEF /* ListTabPetTests.swift */ = {isa = PBXFileReference; lastKnownFileType = sourcecode.swift; path = ListTabPetTests.swift; sourceTree = "<group>"; };
		CA90982528FD520C00169DEF /* ListTabPetUITests.xctest */ = {isa = PBXFileReference; explicitFileType = wrapper.cfbundle; includeInIndex = 0; path = ListTabPetUITests.xctest; sourceTree = BUILT_PRODUCTS_DIR; };
		CA90983528FDA9DF00169DEF /* ApiNumbersCaller.swift */ = {isa = PBXFileReference; lastKnownFileType = sourcecode.swift; path = ApiNumbersCaller.swift; sourceTree = "<group>"; };
		CA90983728FDAC7300169DEF /* ListViewModelCombine.swift */ = {isa = PBXFileReference; lastKnownFileType = sourcecode.swift; path = ListViewModelCombine.swift; sourceTree = "<group>"; };
		CA90983928FEC58500169DEF /* UsersListViewController.swift */ = {isa = PBXFileReference; lastKnownFileType = sourcecode.swift; path = UsersListViewController.swift; sourceTree = "<group>"; };
		CA90983E28FEC6C800169DEF /* UserViewModelCombine.swift */ = {isa = PBXFileReference; lastKnownFileType = sourcecode.swift; path = UserViewModelCombine.swift; sourceTree = "<group>"; };
		CA90984228FEED8300169DEF /* ElementModel.swift */ = {isa = PBXFileReference; lastKnownFileType = sourcecode.swift; path = ElementModel.swift; sourceTree = "<group>"; };
		CA90984428FEEE4400169DEF /* UserModel.swift */ = {isa = PBXFileReference; lastKnownFileType = sourcecode.swift; path = UserModel.swift; sourceTree = "<group>"; };
/* End PBXFileReference section */

/* Begin PBXFrameworksBuildPhase section */
		CA9097B528FD49CD00169DEF /* Frameworks */ = {
			isa = PBXFrameworksBuildPhase;
			buildActionMask = 2147483647;
			files = (
			);
			runOnlyForDeploymentPostprocessing = 0;
		};
		CA90982228FD520C00169DEF /* Frameworks */ = {
			isa = PBXFrameworksBuildPhase;
			buildActionMask = 2147483647;
			files = (
			);
			runOnlyForDeploymentPostprocessing = 0;
		};
/* End PBXFrameworksBuildPhase section */

/* Begin PBXGroup section */
		CA9097AF28FD49CC00169DEF = {
			isa = PBXGroup;
			children = (
				CA9097BA28FD49CD00169DEF /* ListTabPet */,
				CA90982628FD520C00169DEF /* ListTabPetUITests */,
				CA9097B928FD49CD00169DEF /* Products */,
			);
			sourceTree = "<group>";
		};
		CA9097B928FD49CD00169DEF /* Products */ = {
			isa = PBXGroup;
			children = (
				CA9097B828FD49CD00169DEF /* ListTabPet.app */,
				CA90982528FD520C00169DEF /* ListTabPetUITests.xctest */,
			);
			name = Products;
			sourceTree = "<group>";
		};
		CA9097BA28FD49CD00169DEF /* ListTabPet */ = {
			isa = PBXGroup;
			children = (
				CA9097EB28FD49FA00169DEF /* List */,
				CA9097EE28FD4A2200169DEF /* UIkit */,
				CA9097F328FD4A8800169DEF /* SwiftUI */,
				CA9097BB28FD49CD00169DEF /* AppDelegate.swift */,
				CA9097BD28FD49CD00169DEF /* SceneDelegate.swift */,
				CA90981028FD4CD100169DEF /* Extensions.swift */,
				CA9097C428FD49CD00169DEF /* Assets.xcassets */,
				CA9097C928FD49CD00169DEF /* Info.plist */,
			);
			path = ListTabPet;
			sourceTree = "<group>";
		};
		CA9097EB28FD49FA00169DEF /* List */ = {
			isa = PBXGroup;
			children = (
				CA90983428FDA96300169DEF /* Combine */,
				CA90984228FEED8300169DEF /* ElementModel.swift */,
				CA90984428FEEE4400169DEF /* UserModel.swift */,
				CA9097EC28FD4A0900169DEF /* ListViewModel.swift */,
				CA90980E28FD4C4700169DEF /* DecisionModel.swift */,
			);
			path = List;
			sourceTree = "<group>";
		};
		CA9097EE28FD4A2200169DEF /* UIkit */ = {
			isa = PBXGroup;
			children = (
				CA90984028FEDEF600169DEF /* List */,
				CA90984128FEDEFD00169DEF /* User */,
				CA9097C128FD49CD00169DEF /* Main.storyboard */,
				CA9097C628FD49CD00169DEF /* LaunchScreen.storyboard */,
			);
			path = UIkit;
			sourceTree = "<group>";
		};
		CA9097F328FD4A8800169DEF /* SwiftUI */ = {
			isa = PBXGroup;
			children = (
				CA9097F428FD4AA100169DEF /* ContentView.swift */,
			);
			path = SwiftUI;
			sourceTree = "<group>";
		};
		CA90982628FD520C00169DEF /* ListTabPetUITests */ = {
			isa = PBXGroup;
			children = (
				CA90981828FD514400169DEF /* ListTabPetTests.swift */,
			);
			path = ListTabPetUITests;
			sourceTree = "<group>";
		};
		CA90983428FDA96300169DEF /* Combine */ = {
			isa = PBXGroup;
			children = (
				CA90983528FDA9DF00169DEF /* ApiNumbersCaller.swift */,
				CA90983728FDAC7300169DEF /* ListViewModelCombine.swift */,
				CA90983E28FEC6C800169DEF /* UserViewModelCombine.swift */,
			);
			name = Combine;
			sourceTree = "<group>";
		};
		CA90984028FEDEF600169DEF /* List */ = {
			isa = PBXGroup;
			children = (
				CA9097F128FD4A6500169DEF /* ListViewController.swift */,
				CA9097EF28FD4A3400169DEF /* ListCollectionViewCell.swift */,
			);
			name = List;
			sourceTree = "<group>";
		};
		CA90984128FEDEFD00169DEF /* User */ = {
			isa = PBXGroup;
			children = (
				CA90983928FEC58500169DEF /* UsersListViewController.swift */,
			);
			name = User;
			sourceTree = "<group>";
		};
/* End PBXGroup section */

/* Begin PBXNativeTarget section */
		CA9097B728FD49CD00169DEF /* ListTabPet */ = {
			isa = PBXNativeTarget;
			buildConfigurationList = CA9097E228FD49CD00169DEF /* Build configuration list for PBXNativeTarget "ListTabPet" */;
			buildPhases = (
				CA9097B428FD49CD00169DEF /* Sources */,
				CA9097B528FD49CD00169DEF /* Frameworks */,
				CA9097B628FD49CD00169DEF /* Resources */,
			);
			buildRules = (
			);
			dependencies = (
			);
			name = ListTabPet;
			productName = ListTabPet;
			productReference = CA9097B828FD49CD00169DEF /* ListTabPet.app */;
			productType = "com.apple.product-type.application";
		};
		CA90982428FD520C00169DEF /* ListTabPetUITests */ = {
			isa = PBXNativeTarget;
			buildConfigurationList = CA90982D28FD520C00169DEF /* Build configuration list for PBXNativeTarget "ListTabPetUITests" */;
			buildPhases = (
				CA90982128FD520C00169DEF /* Sources */,
				CA90982228FD520C00169DEF /* Frameworks */,
				CA90982328FD520C00169DEF /* Resources */,
			);
			buildRules = (
			);
			dependencies = (
				CA90982C28FD520C00169DEF /* PBXTargetDependency */,
			);
			name = ListTabPetUITests;
			productName = ListTabPetUITests;
			productReference = CA90982528FD520C00169DEF /* ListTabPetUITests.xctest */;
			productType = "com.apple.product-type.bundle.ui-testing";
		};
/* End PBXNativeTarget section */

/* Begin PBXProject section */
		CA9097B028FD49CC00169DEF /* Project object */ = {
			isa = PBXProject;
			attributes = {
				BuildIndependentTargetsInParallel = 1;
				LastSwiftUpdateCheck = 1310;
				LastUpgradeCheck = 1310;
				TargetAttributes = {
					CA9097B728FD49CD00169DEF = {
						CreatedOnToolsVersion = 13.1;
					};
					CA90982428FD520C00169DEF = {
						CreatedOnToolsVersion = 13.1;
						TestTargetID = CA9097B728FD49CD00169DEF;
					};
				};
			};
			buildConfigurationList = CA9097B328FD49CC00169DEF /* Build configuration list for PBXProject "ListTabPet" */;
			compatibilityVersion = "Xcode 13.0";
			developmentRegion = en;
			hasScannedForEncodings = 0;
			knownRegions = (
				en,
				Base,
			);
			mainGroup = CA9097AF28FD49CC00169DEF;
			productRefGroup = CA9097B928FD49CD00169DEF /* Products */;
			projectDirPath = "";
			projectRoot = "";
			targets = (
				CA9097B728FD49CD00169DEF /* ListTabPet */,
				CA90982428FD520C00169DEF /* ListTabPetUITests */,
			);
		};
/* End PBXProject section */

/* Begin PBXResourcesBuildPhase section */
		CA9097B628FD49CD00169DEF /* Resources */ = {
			isa = PBXResourcesBuildPhase;
			buildActionMask = 2147483647;
			files = (
				CA9097C828FD49CD00169DEF /* LaunchScreen.storyboard in Resources */,
				CA9097C528FD49CD00169DEF /* Assets.xcassets in Resources */,
				CA9097C328FD49CD00169DEF /* Main.storyboard in Resources */,
			);
			runOnlyForDeploymentPostprocessing = 0;
		};
		CA90982328FD520C00169DEF /* Resources */ = {
			isa = PBXResourcesBuildPhase;
			buildActionMask = 2147483647;
			files = (
			);
			runOnlyForDeploymentPostprocessing = 0;
		};
/* End PBXResourcesBuildPhase section */

/* Begin PBXSourcesBuildPhase section */
		CA9097B428FD49CD00169DEF /* Sources */ = {
			isa = PBXSourcesBuildPhase;
			buildActionMask = 2147483647;
			files = (
				CA9097F028FD4A3400169DEF /* ListCollectionViewCell.swift in Sources */,
				CA90983F28FEC6C900169DEF /* UserViewModelCombine.swift in Sources */,
				CA9097F528FD4AA100169DEF /* ContentView.swift in Sources */,
				CA9097F228FD4A6500169DEF /* ListViewController.swift in Sources */,
				CA90983628FDA9DF00169DEF /* ApiNumbersCaller.swift in Sources */,
				CA90981128FD4CD100169DEF /* Extensions.swift in Sources */,
				CA9097BC28FD49CD00169DEF /* AppDelegate.swift in Sources */,
				CA90983828FDAC7300169DEF /* ListViewModelCombine.swift in Sources */,
				CA90984528FEEE4400169DEF /* UserModel.swift in Sources */,
				CA90980F28FD4C4700169DEF /* DecisionModel.swift in Sources */,
				CA90983A28FEC58500169DEF /* UsersListViewController.swift in Sources */,
				CA9097ED28FD4A0900169DEF /* ListViewModel.swift in Sources */,
				CA90984328FEED8400169DEF /* ElementModel.swift in Sources */,
				CA9097BE28FD49CD00169DEF /* SceneDelegate.swift in Sources */,
			);
			runOnlyForDeploymentPostprocessing = 0;
		};
		CA90982128FD520C00169DEF /* Sources */ = {
			isa = PBXSourcesBuildPhase;
			buildActionMask = 2147483647;
			files = (
				CA90984628FEF08100169DEF /* ElementModel.swift in Sources */,
				CA90983228FD52D900169DEF /* ListViewModel.swift in Sources */,
				CA90983128FD52D100169DEF /* DecisionModel.swift in Sources */,
				CA90983028FD520F00169DEF /* ListTabPetTests.swift in Sources */,
			);
			runOnlyForDeploymentPostprocessing = 0;
		};
/* End PBXSourcesBuildPhase section */

/* Begin PBXTargetDependency section */
		CA90982C28FD520C00169DEF /* PBXTargetDependency */ = {
			isa = PBXTargetDependency;
			target = CA9097B728FD49CD00169DEF /* ListTabPet */;
			targetProxy = CA90982B28FD520C00169DEF /* PBXContainerItemProxy */;
		};
/* End PBXTargetDependency section */

/* Begin PBXVariantGroup section */
		CA9097C128FD49CD00169DEF /* Main.storyboard */ = {
			isa = PBXVariantGroup;
			children = (
				CA9097C228FD49CD00169DEF /* Base */,
			);
			name = Main.storyboard;
			sourceTree = "<group>";
		};
		CA9097C628FD49CD00169DEF /* LaunchScreen.storyboard */ = {
			isa = PBXVariantGroup;
			children = (
				CA9097C728FD49CD00169DEF /* Base */,
			);
			name = LaunchScreen.storyboard;
			sourceTree = "<group>";
		};
/* End PBXVariantGroup section */

/* Begin XCBuildConfiguration section */
		CA9097E028FD49CD00169DEF /* Debug */ = {
			isa = XCBuildConfiguration;
			buildSettings = {
				ALWAYS_SEARCH_USER_PATHS = NO;
				CLANG_ANALYZER_NONNULL = YES;
				CLANG_ANALYZER_NUMBER_OBJECT_CONVERSION = YES_AGGRESSIVE;
				CLANG_CXX_LANGUAGE_STANDARD = "gnu++17";
				CLANG_CXX_LIBRARY = "libc++";
				CLANG_ENABLE_MODULES = YES;
				CLANG_ENABLE_OBJC_ARC = YES;
				CLANG_ENABLE_OBJC_WEAK = YES;
				CLANG_WARN_BLOCK_CAPTURE_AUTORELEASING = YES;
				CLANG_WARN_BOOL_CONVERSION = YES;
				CLANG_WARN_COMMA = YES;
				CLANG_WARN_CONSTANT_CONVERSION = YES;
				CLANG_WARN_DEPRECATED_OBJC_IMPLEMENTATIONS = YES;
				CLANG_WARN_DIRECT_OBJC_ISA_USAGE = YES_ERROR;
				CLANG_WARN_DOCUMENTATION_COMMENTS = YES;
				CLANG_WARN_EMPTY_BODY = YES;
				CLANG_WARN_ENUM_CONVERSION = YES;
				CLANG_WARN_INFINITE_RECURSION = YES;
				CLANG_WARN_INT_CONVERSION = YES;
				CLANG_WARN_NON_LITERAL_NULL_CONVERSION = YES;
				CLANG_WARN_OBJC_IMPLICIT_RETAIN_SELF = YES;
				CLANG_WARN_OBJC_LITERAL_CONVERSION = YES;
				CLANG_WARN_OBJC_ROOT_CLASS = YES_ERROR;
				CLANG_WARN_QUOTED_INCLUDE_IN_FRAMEWORK_HEADER = YES;
				CLANG_WARN_RANGE_LOOP_ANALYSIS = YES;
				CLANG_WARN_STRICT_PROTOTYPES = YES;
				CLANG_WARN_SUSPICIOUS_MOVE = YES;
				CLANG_WARN_UNGUARDED_AVAILABILITY = YES_AGGRESSIVE;
				CLANG_WARN_UNREACHABLE_CODE = YES;
				CLANG_WARN__DUPLICATE_METHOD_MATCH = YES;
				COPY_PHASE_STRIP = NO;
				DEBUG_INFORMATION_FORMAT = dwarf;
				ENABLE_STRICT_OBJC_MSGSEND = YES;
				ENABLE_TESTABILITY = YES;
				GCC_C_LANGUAGE_STANDARD = gnu11;
				GCC_DYNAMIC_NO_PIC = NO;
				GCC_NO_COMMON_BLOCKS = YES;
				GCC_OPTIMIZATION_LEVEL = 0;
				GCC_PREPROCESSOR_DEFINITIONS = (
					"DEBUG=1",
					"$(inherited)",
				);
				GCC_WARN_64_TO_32_BIT_CONVERSION = YES;
				GCC_WARN_ABOUT_RETURN_TYPE = YES_ERROR;
				GCC_WARN_UNDECLARED_SELECTOR = YES;
				GCC_WARN_UNINITIALIZED_AUTOS = YES_AGGRESSIVE;
				GCC_WARN_UNUSED_FUNCTION = YES;
				GCC_WARN_UNUSED_VARIABLE = YES;
				IPHONEOS_DEPLOYMENT_TARGET = 15.0;
				MTL_ENABLE_DEBUG_INFO = INCLUDE_SOURCE;
				MTL_FAST_MATH = YES;
				ONLY_ACTIVE_ARCH = YES;
				SDKROOT = iphoneos;
				SWIFT_ACTIVE_COMPILATION_CONDITIONS = DEBUG;
				SWIFT_OPTIMIZATION_LEVEL = "-Onone";
			};
			name = Debug;
		};
		CA9097E128FD49CD00169DEF /* Release */ = {
			isa = XCBuildConfiguration;
			buildSettings = {
				ALWAYS_SEARCH_USER_PATHS = NO;
				CLANG_ANALYZER_NONNULL = YES;
				CLANG_ANALYZER_NUMBER_OBJECT_CONVERSION = YES_AGGRESSIVE;
				CLANG_CXX_LANGUAGE_STANDARD = "gnu++17";
				CLANG_CXX_LIBRARY = "libc++";
				CLANG_ENABLE_MODULES = YES;
				CLANG_ENABLE_OBJC_ARC = YES;
				CLANG_ENABLE_OBJC_WEAK = YES;
				CLANG_WARN_BLOCK_CAPTURE_AUTORELEASING = YES;
				CLANG_WARN_BOOL_CONVERSION = YES;
				CLANG_WARN_COMMA = YES;
				CLANG_WARN_CONSTANT_CONVERSION = YES;
				CLANG_WARN_DEPRECATED_OBJC_IMPLEMENTATIONS = YES;
				CLANG_WARN_DIRECT_OBJC_ISA_USAGE = YES_ERROR;
				CLANG_WARN_DOCUMENTATION_COMMENTS = YES;
				CLANG_WARN_EMPTY_BODY = YES;
				CLANG_WARN_ENUM_CONVERSION = YES;
				CLANG_WARN_INFINITE_RECURSION = YES;
				CLANG_WARN_INT_CONVERSION = YES;
				CLANG_WARN_NON_LITERAL_NULL_CONVERSION = YES;
				CLANG_WARN_OBJC_IMPLICIT_RETAIN_SELF = YES;
				CLANG_WARN_OBJC_LITERAL_CONVERSION = YES;
				CLANG_WARN_OBJC_ROOT_CLASS = YES_ERROR;
				CLANG_WARN_QUOTED_INCLUDE_IN_FRAMEWORK_HEADER = YES;
				CLANG_WARN_RANGE_LOOP_ANALYSIS = YES;
				CLANG_WARN_STRICT_PROTOTYPES = YES;
				CLANG_WARN_SUSPICIOUS_MOVE = YES;
				CLANG_WARN_UNGUARDED_AVAILABILITY = YES_AGGRESSIVE;
				CLANG_WARN_UNREACHABLE_CODE = YES;
				CLANG_WARN__DUPLICATE_METHOD_MATCH = YES;
				COPY_PHASE_STRIP = NO;
				DEBUG_INFORMATION_FORMAT = "dwarf-with-dsym";
				ENABLE_NS_ASSERTIONS = NO;
				ENABLE_STRICT_OBJC_MSGSEND = YES;
				GCC_C_LANGUAGE_STANDARD = gnu11;
				GCC_NO_COMMON_BLOCKS = YES;
				GCC_WARN_64_TO_32_BIT_CONVERSION = YES;
				GCC_WARN_ABOUT_RETURN_TYPE = YES_ERROR;
				GCC_WARN_UNDECLARED_SELECTOR = YES;
				GCC_WARN_UNINITIALIZED_AUTOS = YES_AGGRESSIVE;
				GCC_WARN_UNUSED_FUNCTION = YES;
				GCC_WARN_UNUSED_VARIABLE = YES;
				IPHONEOS_DEPLOYMENT_TARGET = 15.0;
				MTL_ENABLE_DEBUG_INFO = NO;
				MTL_FAST_MATH = YES;
				SDKROOT = iphoneos;
				SWIFT_COMPILATION_MODE = wholemodule;
				SWIFT_OPTIMIZATION_LEVEL = "-O";
				VALIDATE_PRODUCT = YES;
			};
			name = Release;
		};
		CA9097E328FD49CD00169DEF /* Debug */ = {
			isa = XCBuildConfiguration;
			buildSettings = {
				ASSETCATALOG_COMPILER_APPICON_NAME = AppIcon;
				ASSETCATALOG_COMPILER_GLOBAL_ACCENT_COLOR_NAME = AccentColor;
				CODE_SIGN_STYLE = Automatic;
				CURRENT_PROJECT_VERSION = 1;
				DEVELOPMENT_TEAM = QF5DP4K689;
				GENERATE_INFOPLIST_FILE = YES;
				INFOPLIST_FILE = ListTabPet/Info.plist;
				INFOPLIST_KEY_UIApplicationSupportsIndirectInputEvents = YES;
				INFOPLIST_KEY_UILaunchStoryboardName = LaunchScreen;
				INFOPLIST_KEY_UIMainStoryboardFile = Main;
				INFOPLIST_KEY_UISupportedInterfaceOrientations_iPad = "UIInterfaceOrientationPortrait UIInterfaceOrientationPortraitUpsideDown UIInterfaceOrientationLandscapeLeft UIInterfaceOrientationLandscapeRight";
				INFOPLIST_KEY_UISupportedInterfaceOrientations_iPhone = "UIInterfaceOrientationPortrait UIInterfaceOrientationLandscapeLeft UIInterfaceOrientationLandscapeRight";
				LD_RUNPATH_SEARCH_PATHS = (
					"$(inherited)",
					"@executable_path/Frameworks",
				);
				MARKETING_VERSION = 1.0;
				PRODUCT_BUNDLE_IDENTIFIER = ivannavasilkova.ListTabPet;
				PRODUCT_NAME = "$(TARGET_NAME)";
				SWIFT_EMIT_LOC_STRINGS = YES;
				SWIFT_VERSION = 5.0;
				TARGETED_DEVICE_FAMILY = "1,2";
			};
			name = Debug;
		};
		CA9097E428FD49CD00169DEF /* Release */ = {
			isa = XCBuildConfiguration;
			buildSettings = {
				ASSETCATALOG_COMPILER_APPICON_NAME = AppIcon;
				ASSETCATALOG_COMPILER_GLOBAL_ACCENT_COLOR_NAME = AccentColor;
				CODE_SIGN_STYLE = Automatic;
				CURRENT_PROJECT_VERSION = 1;
				DEVELOPMENT_TEAM = QF5DP4K689;
				GENERATE_INFOPLIST_FILE = YES;
				INFOPLIST_FILE = ListTabPet/Info.plist;
				INFOPLIST_KEY_UIApplicationSupportsIndirectInputEvents = YES;
				INFOPLIST_KEY_UILaunchStoryboardName = LaunchScreen;
				INFOPLIST_KEY_UIMainStoryboardFile = Main;
				INFOPLIST_KEY_UISupportedInterfaceOrientations_iPad = "UIInterfaceOrientationPortrait UIInterfaceOrientationPortraitUpsideDown UIInterfaceOrientationLandscapeLeft UIInterfaceOrientationLandscapeRight";
				INFOPLIST_KEY_UISupportedInterfaceOrientations_iPhone = "UIInterfaceOrientationPortrait UIInterfaceOrientationLandscapeLeft UIInterfaceOrientationLandscapeRight";
				LD_RUNPATH_SEARCH_PATHS = (
					"$(inherited)",
					"@executable_path/Frameworks",
				);
				MARKETING_VERSION = 1.0;
				PRODUCT_BUNDLE_IDENTIFIER = ivannavasilkova.ListTabPet;
				PRODUCT_NAME = "$(TARGET_NAME)";
				SWIFT_EMIT_LOC_STRINGS = YES;
				SWIFT_VERSION = 5.0;
				TARGETED_DEVICE_FAMILY = "1,2";
			};
			name = Release;
		};
		CA90982E28FD520C00169DEF /* Debug */ = {
			isa = XCBuildConfiguration;
			buildSettings = {
				CODE_SIGN_STYLE = Automatic;
				CURRENT_PROJECT_VERSION = 1;
				DEVELOPMENT_TEAM = QF5DP4K689;
				GENERATE_INFOPLIST_FILE = YES;
				LD_RUNPATH_SEARCH_PATHS = (
					"$(inherited)",
					"@executable_path/Frameworks",
					"@loader_path/Frameworks",
				);
				MARKETING_VERSION = 1.0;
				PRODUCT_BUNDLE_IDENTIFIER = ivannavasilkova.ListTabPetUITests;
				PRODUCT_NAME = "$(TARGET_NAME)";
				SWIFT_EMIT_LOC_STRINGS = NO;
				SWIFT_VERSION = 5.0;
				TARGETED_DEVICE_FAMILY = "1,2";
				TEST_TARGET_NAME = ListTabPet;
			};
			name = Debug;
		};
		CA90982F28FD520C00169DEF /* Release */ = {
			isa = XCBuildConfiguration;
			buildSettings = {
				CODE_SIGN_STYLE = Automatic;
				CURRENT_PROJECT_VERSION = 1;
				DEVELOPMENT_TEAM = QF5DP4K689;
				GENERATE_INFOPLIST_FILE = YES;
				LD_RUNPATH_SEARCH_PATHS = (
					"$(inherited)",
					"@executable_path/Frameworks",
					"@loader_path/Frameworks",
				);
				MARKETING_VERSION = 1.0;
				PRODUCT_BUNDLE_IDENTIFIER = ivannavasilkova.ListTabPetUITests;
				PRODUCT_NAME = "$(TARGET_NAME)";
				SWIFT_EMIT_LOC_STRINGS = NO;
				SWIFT_VERSION = 5.0;
				TARGETED_DEVICE_FAMILY = "1,2";
				TEST_TARGET_NAME = ListTabPet;
			};
			name = Release;
		};
/* End XCBuildConfiguration section */

/* Begin XCConfigurationList section */
		CA9097B328FD49CC00169DEF /* Build configuration list for PBXProject "ListTabPet" */ = {
			isa = XCConfigurationList;
			buildConfigurations = (
				CA9097E028FD49CD00169DEF /* Debug */,
				CA9097E128FD49CD00169DEF /* Release */,
			);
			defaultConfigurationIsVisible = 0;
			defaultConfigurationName = Release;
		};
		CA9097E228FD49CD00169DEF /* Build configuration list for PBXNativeTarget "ListTabPet" */ = {
			isa = XCConfigurationList;
			buildConfigurations = (
				CA9097E328FD49CD00169DEF /* Debug */,
				CA9097E428FD49CD00169DEF /* Release */,
			);
			defaultConfigurationIsVisible = 0;
			defaultConfigurationName = Release;
		};
		CA90982D28FD520C00169DEF /* Build configuration list for PBXNativeTarget "ListTabPetUITests" */ = {
			isa = XCConfigurationList;
			buildConfigurations = (
				CA90982E28FD520C00169DEF /* Debug */,
				CA90982F28FD520C00169DEF /* Release */,
			);
			defaultConfigurationIsVisible = 0;
			defaultConfigurationName = Release;
		};
/* End XCConfigurationList section */
	};
	rootObject = CA9097B028FD49CC00169DEF /* Project object */;
}
